// !$*UTF8*$!
{
	archiveVersion = 1;
	classes = {
	};
	objectVersion = 50;
	objects = {

/* Begin PBXBuildFile section */
		82F26CF223B6F5F200D57857 /* AppDelegate.swift in Sources */ = {isa = PBXBuildFile; fileRef = 82F26CF123B6F5F200D57857 /* AppDelegate.swift */; };
		82F26CF423B6F5F200D57857 /* SceneDelegate.swift in Sources */ = {isa = PBXBuildFile; fileRef = 82F26CF323B6F5F200D57857 /* SceneDelegate.swift */; };
		82F26CF623B6F5F200D57857 /* ViewController.swift in Sources */ = {isa = PBXBuildFile; fileRef = 82F26CF523B6F5F200D57857 /* ViewController.swift */; };
		82F26CF923B6F5F200D57857 /* Main.storyboard in Resources */ = {isa = PBXBuildFile; fileRef = 82F26CF723B6F5F200D57857 /* Main.storyboard */; };
		82F26CFB23B6F5F200D57857 /* Assets.xcassets in Resources */ = {isa = PBXBuildFile; fileRef = 82F26CFA23B6F5F200D57857 /* Assets.xcassets */; };
		82F26CFE23B6F5F200D57857 /* LaunchScreen.storyboard in Resources */ = {isa = PBXBuildFile; fileRef = 82F26CFC23B6F5F200D57857 /* LaunchScreen.storyboard */; };
/* End PBXBuildFile section */

/* Begin PBXFileReference section */
		82F26CEE23B6F5F200D57857 /* Grapes.app */ = {isa = PBXFileReference; explicitFileType = wrapper.application; includeInIndex = 0; path = Grapes.app; sourceTree = BUILT_PRODUCTS_DIR; };
		82F26CF123B6F5F200D57857 /* AppDelegate.swift */ = {isa = PBXFileReference; lastKnownFileType = sourcecode.swift; path = AppDelegate.swift; sourceTree = "<group>"; };
		82F26CF323B6F5F200D57857 /* SceneDelegate.swift */ = {isa = PBXFileReference; lastKnownFileType = sourcecode.swift; path = SceneDelegate.swift; sourceTree = "<group>"; };
		82F26CF523B6F5F200D57857 /* ViewController.swift */ = {isa = PBXFileReference; lastKnownFileType = sourcecode.swift; path = ViewController.swift; sourceTree = "<group>"; };
		82F26CF823B6F5F200D57857 /* Base */ = {isa = PBXFileReference; lastKnownFileType = file.storyboard; name = Base; path = Base.lproj/Main.storyboard; sourceTree = "<group>"; };
		82F26CFA23B6F5F200D57857 /* Assets.xcassets */ = {isa = PBXFileReference; lastKnownFileType = folder.assetcatalog; path = Assets.xcassets; sourceTree = "<group>"; };
		82F26CFD23B6F5F200D57857 /* Base */ = {isa = PBXFileReference; lastKnownFileType = file.storyboard; name = Base; path = Base.lproj/LaunchScreen.storyboard; sourceTree = "<group>"; };
		82F26CFF23B6F5F200D57857 /* Info.plist */ = {isa = PBXFileReference; lastKnownFileType = text.plist.xml; path = Info.plist; sourceTree = "<group>"; };
/* End PBXFileReference section */

/* Begin PBXFrameworksBuildPhase section */
		82F26CEB23B6F5F200D57857 /* Frameworks */ = {
			isa = PBXFrameworksBuildPhase;
			buildActionMask = 2147483647;
			files = (
			);
			runOnlyForDeploymentPostprocessing = 0;
		};
/* End PBXFrameworksBuildPhase section */

/* Begin PBXGroup section */
		82F26CE523B6F5F200D57857 = {
			isa = PBXGroup;
			children = (
				82F26CF023B6F5F200D57857 /* Grapes */,
				82F26CEF23B6F5F200D57857 /* Products */,
			);
			sourceTree = "<group>";
		};
		82F26CEF23B6F5F200D57857 /* Products */ = {
			isa = PBXGroup;
			children = (
				82F26CEE23B6F5F200D57857 /* Grapes.app */,
			);
			name = Products;
			sourceTree = "<group>";
		};
		82F26CF023B6F5F200D57857 /* Grapes */ = {
			isa = PBXGroup;
			children = (
				82F26CF123B6F5F200D57857 /* AppDelegate.swift */,
				82F26CF323B6F5F200D57857 /* SceneDelegate.swift */,
				82F26CF523B6F5F200D57857 /* ViewController.swift */,
				82F26CF723B6F5F200D57857 /* Main.storyboard */,
				82F26CFA23B6F5F200D57857 /* Assets.xcassets */,
				82F26CFC23B6F5F200D57857 /* LaunchScreen.storyboard */,
				82F26CFF23B6F5F200D57857 /* Info.plist */,
			);
			path = Grapes;
			sourceTree = "<group>";
		};
/* End PBXGroup section */

/* Begin PBXNativeTarget section */
		82F26CED23B6F5F200D57857 /* Grapes */ = {
			isa = PBXNativeTarget;
			buildConfigurationList = 82F26D0223B6F5F200D57857 /* Build configuration list for PBXNativeTarget "Grapes" */;
			buildPhases = (
				82F26CEA23B6F5F200D57857 /* Sources */,
				82F26CEB23B6F5F200D57857 /* Frameworks */,
				82F26CEC23B6F5F200D57857 /* Resources */,
			);
			buildRules = (
			);
			dependencies = (
			);
			name = Grapes;
			productName = Grapes;
			productReference = 82F26CEE23B6F5F200D57857 /* Grapes.app */;
			productType = "com.apple.product-type.application";
		};
/* End PBXNativeTarget section */

/* Begin PBXProject section */
		82F26CE623B6F5F200D57857 /* Project object */ = {
			isa = PBXProject;
			attributes = {
				LastSwiftUpdateCheck = 1130;
				LastUpgradeCheck = 1130;
				ORGANIZATIONNAME = "Victor Rivera";
				TargetAttributes = {
					82F26CED23B6F5F200D57857 = {
						CreatedOnToolsVersion = 11.3;
					};
				};
			};
			buildConfigurationList = 82F26CE923B6F5F200D57857 /* Build configuration list for PBXProject "Grapes" */;
			compatibilityVersion = "Xcode 9.3";
			developmentRegion = en;
			hasScannedForEncodings = 0;
			knownRegions = (
				en,
				Base,
			);
			mainGroup = 82F26CE523B6F5F200D57857;
			productRefGroup = 82F26CEF23B6F5F200D57857 /* Products */;
			projectDirPath = "";
			projectRoot = "";
			targets = (
				82F26CED23B6F5F200D57857 /* Grapes */,
			);
		};
/* End PBXProject section */

/* Begin PBXResourcesBuildPhase section */
		82F26CEC23B6F5F200D57857 /* Resources */ = {
			isa = PBXResourcesBuildPhase;
			buildActionMask = 2147483647;
			files = (
				82F26CFE23B6F5F200D57857 /* LaunchScreen.storyboard in Resources */,
				82F26CFB23B6F5F200D57857 /* Assets.xcassets in Resources */,
				82F26CF923B6F5F200D57857 /* Main.storyboard in Resources */,
			);
			runOnlyForDeploymentPostprocessing = 0;
		};
/* End PBXResourcesBuildPhase section */

/* Begin PBXSourcesBuildPhase section */
		82F26CEA23B6F5F200D57857 /* Sources */ = {
			isa = PBXSourcesBuildPhase;
			buildActionMask = 2147483647;
			files = (
				82F26CF623B6F5F200D57857 /* ViewController.swift in Sources */,
				82F26CF223B6F5F200D57857 /* AppDelegate.swift in Sources */,
				82F26CF423B6F5F200D57857 /* SceneDelegate.swift in Sources */,
			);
			runOnlyForDeploymentPostprocessing = 0;
		};
/* End PBXSourcesBuildPhase section */

/* Begin PBXVariantGroup section */
		82F26CF723B6F5F200D57857 /* Main.storyboard */ = {
			isa = PBXVariantGroup;
			children = (
				82F26CF823B6F5F200D57857 /* Base */,
			);
			name = Main.storyboard;
			sourceTree = "<group>";
		};
		82F26CFC23B6F5F200D57857 /* LaunchScreen.storyboard */ = {
			isa = PBXVariantGroup;
			children = (
				82F26CFD23B6F5F200D57857 /* Base */,
			);
			name = LaunchScreen.storyboard;
			sourceTree = "<group>";
		};
/* End PBXVariantGroup section */

/* Begin XCBuildConfiguration section */
		82F26D0023B6F5F200D57857 /* Debug */ = {
			isa = XCBuildConfiguration;
			buildSettings = {
				ALWAYS_SEARCH_USER_PATHS = NO;
				CLANG_ANALYZER_NONNULL = YES;
				CLANG_ANALYZER_NUMBER_OBJECT_CONVERSION = YES_AGGRESSIVE;
				CLANG_CXX_LANGUAGE_STANDARD = "gnu++14";
				CLANG_CXX_LIBRARY = "libc++";
				CLANG_ENABLE_MODULES = YES;
				CLANG_ENABLE_OBJC_ARC = YES;
				CLANG_ENABLE_OBJC_WEAK = YES;
				CLANG_WARN_BLOCK_CAPTURE_AUTORELEASING = YES;
				CLANG_WARN_BOOL_CONVERSION = YES;
				CLANG_WARN_COMMA = YES;
				CLANG_WARN_CONSTANT_CONVERSION = YES;
				CLANG_WARN_DEPRECATED_OBJC_IMPLEMENTATIONS = YES;
				CLANG_WARN_DIRECT_OBJC_ISA_USAGE = YES_ERROR;
				CLANG_WARN_DOCUMENTATION_COMMENTS = YES;
				CLANG_WARN_EMPTY_BODY = YES;
				CLANG_WARN_ENUM_CONVERSION = YES;
				CLANG_WARN_INFINITE_RECURSION = YES;
				CLANG_WARN_INT_CONVERSION = YES;
				CLANG_WARN_NON_LITERAL_NULL_CONVERSION = YES;
				CLANG_WARN_OBJC_IMPLICIT_RETAIN_SELF = YES;
				CLANG_WARN_OBJC_LITERAL_CONVERSION = YES;
				CLANG_WARN_OBJC_ROOT_CLASS = YES_ERROR;
				CLANG_WARN_RANGE_LOOP_ANALYSIS = YES;
				CLANG_WARN_STRICT_PROTOTYPES = YES;
				CLANG_WARN_SUSPICIOUS_MOVE = YES;
				CLANG_WARN_UNGUARDED_AVAILABILITY = YES_AGGRESSIVE;
				CLANG_WARN_UNREACHABLE_CODE = YES;
				CLANG_WARN__DUPLICATE_METHOD_MATCH = YES;
				COPY_PHASE_STRIP = NO;
				DEBUG_INFORMATION_FORMAT = dwarf;
				ENABLE_STRICT_OBJC_MSGSEND = YES;
				ENABLE_TESTABILITY = YES;
				GCC_C_LANGUAGE_STANDARD = gnu11;
				GCC_DYNAMIC_NO_PIC = NO;
				GCC_NO_COMMON_BLOCKS = YES;
				GCC_OPTIMIZATION_LEVEL = 0;
				GCC_PREPROCESSOR_DEFINITIONS = (
					"DEBUG=1",
					"$(inherited)",
				);
				GCC_WARN_64_TO_32_BIT_CONVERSION = YES;
				GCC_WARN_ABOUT_RETURN_TYPE = YES_ERROR;
				GCC_WARN_UNDECLARED_SELECTOR = YES;
				GCC_WARN_UNINITIALIZED_AUTOS = YES_AGGRESSIVE;
				GCC_WARN_UNUSED_FUNCTION = YES;
				GCC_WARN_UNUSED_VARIABLE = YES;
				IPHONEOS_DEPLOYMENT_TARGET = 13.2;
				MTL_ENABLE_DEBUG_INFO = INCLUDE_SOURCE;
				MTL_FAST_MATH = YES;
				ONLY_ACTIVE_ARCH = YES;
				SDKROOT = iphoneos;
				SWIFT_ACTIVE_COMPILATION_CONDITIONS = DEBUG;
				SWIFT_OPTIMIZATION_LEVEL = "-Onone";
			};
			name = Debug;
		};
		82F26D0123B6F5F200D57857 /* Release */ = {
			isa = XCBuildConfiguration;
			buildSettings = {
				ALWAYS_SEARCH_USER_PATHS = NO;
				CLANG_ANALYZER_NONNULL = YES;
				CLANG_ANALYZER_NUMBER_OBJECT_CONVERSION = YES_AGGRESSIVE;
				CLANG_CXX_LANGUAGE_STANDARD = "gnu++14";
				CLANG_CXX_LIBRARY = "libc++";
				CLANG_ENABLE_MODULES = YES;
				CLANG_ENABLE_OBJC_ARC = YES;
				CLANG_ENABLE_OBJC_WEAK = YES;
				CLANG_WARN_BLOCK_CAPTURE_AUTORELEASING = YES;
				CLANG_WARN_BOOL_CONVERSION = YES;
				CLANG_WARN_COMMA = YES;
				CLANG_WARN_CONSTANT_CONVERSION = YES;
				CLANG_WARN_DEPRECATED_OBJC_IMPLEMENTATIONS = YES;
				CLANG_WARN_DIRECT_OBJC_ISA_USAGE = YES_ERROR;
				CLANG_WARN_DOCUMENTATION_COMMENTS = YES;
				CLANG_WARN_EMPTY_BODY = YES;
				CLANG_WARN_ENUM_CONVERSION = YES;
				CLANG_WARN_INFINITE_RECURSION = YES;
				CLANG_WARN_INT_CONVERSION = YES;
				CLANG_WARN_NON_LITERAL_NULL_CONVERSION = YES;
				CLANG_WARN_OBJC_IMPLICIT_RETAIN_SELF = YES;
				CLANG_WARN_OBJC_LITERAL_CONVERSION = YES;
				CLANG_WARN_OBJC_ROOT_CLASS = YES_ERROR;
				CLANG_WARN_RANGE_LOOP_ANALYSIS = YES;
				CLANG_WARN_STRICT_PROTOTYPES = YES;
				CLANG_WARN_SUSPICIOUS_MOVE = YES;
				CLANG_WARN_UNGUARDED_AVAILABILITY = YES_AGGRESSIVE;
				CLANG_WARN_UNREACHABLE_CODE = YES;
				CLANG_WARN__DUPLICATE_METHOD_MATCH = YES;
				COPY_PHASE_STRIP = NO;
				DEBUG_INFORMATION_FORMAT = "dwarf-with-dsym";
				ENABLE_NS_ASSERTIONS = NO;
				ENABLE_STRICT_OBJC_MSGSEND = YES;
				GCC_C_LANGUAGE_STANDARD = gnu11;
				GCC_NO_COMMON_BLOCKS = YES;
				GCC_WARN_64_TO_32_BIT_CONVERSION = YES;
				GCC_WARN_ABOUT_RETURN_TYPE = YES_ERROR;
				GCC_WARN_UNDECLARED_SELECTOR = YES;
				GCC_WARN_UNINITIALIZED_AUTOS = YES_AGGRESSIVE;
				GCC_WARN_UNUSED_FUNCTION = YES;
				GCC_WARN_UNUSED_VARIABLE = YES;
				IPHONEOS_DEPLOYMENT_TARGET = 13.2;
				MTL_ENABLE_DEBUG_INFO = NO;
				MTL_FAST_MATH = YES;
				SDKROOT = iphoneos;
				SWIFT_COMPILATION_MODE = wholemodule;
				SWIFT_OPTIMIZATION_LEVEL = "-O";
				VALIDATE_PRODUCT = YES;
			};
			name = Release;
		};
		82F26D0323B6F5F200D57857 /* Debug */ = {
			isa = XCBuildConfiguration;
			buildSettings = {
				ASSETCATALOG_COMPILER_APPICON_NAME = AppIcon;
				CODE_SIGN_STYLE = Automatic;
				DEVELOPMENT_TEAM = 3G983V4K7Y;
				INFOPLIST_FILE = Grapes/Info.plist;
				LD_RUNPATH_SEARCH_PATHS = (
					"$(inherited)",
					"@executable_path/Frameworks",
				);
				PRODUCT_BUNDLE_IDENTIFIER = com.victorrivera.Grapes;
				PRODUCT_NAME = "$(TARGET_NAME)";
				SWIFT_VERSION = 5.0;
				TARGETED_DEVICE_FAMILY = "1,2";
			};
			name = Debug;
		};
		82F26D0423B6F5F200D57857 /* Release */ = {
			isa = XCBuildConfiguration;
			buildSettings = {
				ASSETCATALOG_COMPILER_APPICON_NAME = AppIcon;
				CODE_SIGN_STYLE = Automatic;
				DEVELOPMENT_TEAM = 3G983V4K7Y;
				INFOPLIST_FILE = Grapes/Info.plist;
				LD_RUNPATH_SEARCH_PATHS = (
					"$(inherited)",
					"@executable_path/Frameworks",
				);
				PRODUCT_BUNDLE_IDENTIFIER = com.victorrivera.Grapes;
				PRODUCT_NAME = "$(TARGET_NAME)";
				SWIFT_VERSION = 5.0;
				TARGETED_DEVICE_FAMILY = "1,2";
			};
			name = Release;
		};
/* End XCBuildConfiguration section */

/* Begin XCConfigurationList section */
		82F26CE923B6F5F200D57857 /* Build configuration list for PBXProject "Grapes" */ = {
			isa = XCConfigurationList;
			buildConfigurations = (
				82F26D0023B6F5F200D57857 /* Debug */,
				82F26D0123B6F5F200D57857 /* Release */,
			);
			defaultConfigurationIsVisible = 0;
			defaultConfigurationName = Release;
		};
		82F26D0223B6F5F200D57857 /* Build configuration list for PBXNativeTarget "Grapes" */ = {
			isa = XCConfigurationList;
			buildConfigurations = (
				82F26D0323B6F5F200D57857 /* Debug */,
				82F26D0423B6F5F200D57857 /* Release */,
			);
			defaultConfigurationIsVisible = 0;
			defaultConfigurationName = Release;
		};
/* End XCConfigurationList section */
	};
	rootObject = 82F26CE623B6F5F200D57857 /* Project object */;
}
